
Microsoft Visual Studio Solution File, Format Version 12.00
# Visual Studio 15
VisualStudioVersion = 15.0.28307.1927
MinimumVisualStudioVersion = 10.0.40219.1
Project("{FAE04EC0-301F-11D3-BF4B-00C04F79EFBC}") = "Monitoring4M1Ev2", "Monitoring4M1Ev2\Monitoring4M1Ev2.csproj", "{0FC4C475-519E-4149-B19E-743077A9D92D}"
EndProject
Global
	GlobalSection(SolutionConfigurationPlatforms) = preSolution
		Debug|Any CPU = Debug|Any CPU
		Release|Any CPU = Release|Any CPU
	EndGlobalSection
	GlobalSection(ProjectConfigurationPlatforms) = postSolution
		{0FC4C475-519E-4149-B19E-743077A9D92D}.Debug|Any CPU.ActiveCfg = Debug|Any CPU
		{0FC4C475-519E-4149-B19E-743077A9D92D}.Debug|Any CPU.Build.0 = Debug|Any CPU
		{0FC4C475-519E-4149-B19E-743077A9D92D}.Release|Any CPU.ActiveCfg = Release|Any CPU
		{0FC4C475-519E-4149-B19E-743077A9D92D}.Release|Any CPU.Build.0 = Release|Any CPU
	EndGlobalSection
	GlobalSection(SolutionProperties) = preSolution
		HideSolutionNode = FALSE
	EndGlobalSection
	GlobalSection(ExtensibilityGlobals) = postSolution
		SolutionGuid = {64E04C67-9BF8-4783-A6F5-C8E142A2D660}
	EndGlobalSection
EndGlobal
